<?xml version="1.0" encoding="utf-8"?>
<Project ToolsVersion="4.0" xmlns="http://schemas.microsoft.com/developer/msbuild/2003">
  <ItemGroup>
    <ClCompile Include="F:\Utah2021_22inclC++Collection\Semester3\2021Engineering2\assignment01_Graphics\cConstantBuffer.cpp" />
    <ClCompile Include="F:\Utah2021_22inclC++Collection\Semester3\2021Engineering2\assignment01_Graphics\cRenderState.cpp" />
    <ClCompile Include="F:\Utah2021_22inclC++Collection\Semester3\2021Engineering2\assignment01_Graphics\cShader.cpp" />
    <ClCompile Include="F:\Utah2021_22inclC++Collection\Semester3\2021Engineering2\assignment01_Graphics\cVertexFormat.cpp" />
    <ClCompile Include="F:\Utah2021_22inclC++Collection\Semester3\2021Engineering2\assignment01_Graphics\sContext.cpp" />
    <ClCompile Include="F:\Utah2021_22inclC++Collection\Semester3\2021Engineering2\assignment01_Graphics\Direct3D\cConstantBuffer.d3d.cpp">
      <Filter>Direct3D</Filter>
    </ClCompile>
    <ClCompile Include="F:\Utah2021_22inclC++Collection\Semester3\2021Engineering2\assignment01_Graphics\Direct3D\cRenderState.d3d.cpp">
      <Filter>Direct3D</Filter>
    </ClCompile>
    <ClCompile Include="F:\Utah2021_22inclC++Collection\Semester3\2021Engineering2\assignment01_Graphics\Direct3D\cShader.d3d.cpp">
      <Filter>Direct3D</Filter>
    </ClCompile>
    <ClCompile Include="F:\Utah2021_22inclC++Collection\Semester3\2021Engineering2\assignment01_Graphics\Direct3D\cVertexFormat.d3d.cpp">
      <Filter>Direct3D</Filter>
    </ClCompile>
    <ClCompile Include="F:\Utah2021_22inclC++Collection\Semester3\2021Engineering2\assignment01_Graphics\Direct3D\Graphics.d3d.cpp">
      <Filter>Direct3D</Filter>
    </ClCompile>
    <ClCompile Include="F:\Utah2021_22inclC++Collection\Semester3\2021Engineering2\assignment01_Graphics\Direct3D\sContext.d3d.cpp">
      <Filter>Direct3D</Filter>
    </ClCompile>
    <ClCompile Include="F:\Utah2021_22inclC++Collection\Semester3\2021Engineering2\assignment01_Graphics\OpenGL\cConstantBuffer.gl.cpp">
      <Filter>OpenGL</Filter>
    </ClCompile>
    <ClCompile Include="F:\Utah2021_22inclC++Collection\Semester3\2021Engineering2\assignment01_Graphics\OpenGL\cRenderState.gl.cpp">
      <Filter>OpenGL</Filter>
    </ClCompile>
    <ClCompile Include="F:\Utah2021_22inclC++Collection\Semester3\2021Engineering2\assignment01_Graphics\OpenGL\cShader.gl.cpp">
      <Filter>OpenGL</Filter>
    </ClCompile>
    <ClCompile Include="F:\Utah2021_22inclC++Collection\Semester3\2021Engineering2\assignment01_Graphics\OpenGL\cVertexFormat.gl.cpp">
      <Filter>OpenGL</Filter>
    </ClCompile>
    <ClCompile Include="F:\Utah2021_22inclC++Collection\Semester3\2021Engineering2\assignment01_Graphics\OpenGL\Graphics.gl.cpp">
      <Filter>OpenGL</Filter>
    </ClCompile>
    <ClCompile Include="F:\Utah2021_22inclC++Collection\Semester3\2021Engineering2\assignment01_Graphics\OpenGL\sContext.gl.cpp">
      <Filter>OpenGL</Filter>
    </ClCompile>
  </ItemGroup>
  <ItemGroup>
    <ClInclude Include="F:\Utah2021_22inclC++Collection\Semester3\2021Engineering2\assignment01_Graphics\cConstantBuffer.h" />
    <ClInclude Include="F:\Utah2021_22inclC++Collection\Semester3\2021Engineering2\assignment01_Graphics\Configuration.h" />
    <ClInclude Include="F:\Utah2021_22inclC++Collection\Semester3\2021Engineering2\assignment01_Graphics\ConstantBufferFormats.h" />
    <ClInclude Include="F:\Utah2021_22inclC++Collection\Semester3\2021Engineering2\assignment01_Graphics\cRenderState.h" />
    <ClInclude Include="F:\Utah2021_22inclC++Collection\Semester3\2021Engineering2\assignment01_Graphics\cShader.h" />
    <ClInclude Include="F:\Utah2021_22inclC++Collection\Semester3\2021Engineering2\assignment01_Graphics\cVertexFormat.h" />
    <ClInclude Include="F:\Utah2021_22inclC++Collection\Semester3\2021Engineering2\assignment01_Graphics\Graphics.h" />
    <ClInclude Include="F:\Utah2021_22inclC++Collection\Semester3\2021Engineering2\assignment01_Graphics\sContext.h" />
    <ClInclude Include="F:\Utah2021_22inclC++Collection\Semester3\2021Engineering2\assignment01_Graphics\VertexFormats.h" />
    <ClInclude Include="F:\Utah2021_22inclC++Collection\Semester3\2021Engineering2\assignment01_Graphics\Direct3D\Includes.h">
      <Filter>Direct3D</Filter>
    </ClInclude>
    <ClInclude Include="F:\Utah2021_22inclC++Collection\Semester3\2021Engineering2\assignment01_Graphics\OpenGL\Includes.h">
      <Filter>OpenGL</Filter>
    </ClInclude>
    <ClInclude Include="F:\Utah2021_22inclC++Collection\Semester3\2021Engineering2\assignment01_Graphics\Windows\ExternalLibraries.win.h">
      <Filter>Windows</Filter>
    </ClInclude>
  </ItemGroup>
  <ItemGroup>
    <None Include="F:\Utah2021_22inclC++Collection\Semester3\2021Engineering2\assignment01_Graphics\cRenderState.inl" />
  </ItemGroup>
  <ItemGroup>
    <Filter Include="OpenGL">
      <UniqueIdentifier>{1113a88f-73ec-41f4-9404-fd1bd6d5f0d6}</UniqueIdentifier>
    </Filter>
    <Filter Include="Direct3D">
      <UniqueIdentifier>{111820de-a4ea-40e8-93ea-665eb63ba981}</UniqueIdentifier>
    </Filter>
    <Filter Include="Windows">
      <UniqueIdentifier>{cee8d863-488c-44f8-a5eb-a1ca17fe2605}</UniqueIdentifier>
    </Filter>
  </ItemGroup>
</Project>